// !$*UTF8*$!
{
	archiveVersion = 1;
	classes = {
	};
	objectVersion = 46;
	objects = {

/* Begin PBXBuildFile section */
		048421CE1D654FE00096BB0B /* TweetCell.swift in Sources */ = {isa = PBXBuildFile; fileRef = 048421CD1D654FE00096BB0B /* TweetCell.swift */; };
		048421D01D65612C0096BB0B /* ComposeViewController.swift in Sources */ = {isa = PBXBuildFile; fileRef = 048421CF1D65612C0096BB0B /* ComposeViewController.swift */; };
		048421D21D656E020096BB0B /* TweetDetailsViewController.swift in Sources */ = {isa = PBXBuildFile; fileRef = 048421D11D656E020096BB0B /* TweetDetailsViewController.swift */; };
		048421D61D657A130096BB0B /* UserProfileViewController.swift in Sources */ = {isa = PBXBuildFile; fileRef = 048421D51D657A130096BB0B /* UserProfileViewController.swift */; };
		048421DA1D66381C0096BB0B /* UserProfileHeaderView.xib in Resources */ = {isa = PBXBuildFile; fileRef = 048421D91D66381C0096BB0B /* UserProfileHeaderView.xib */; };
		048421DC1D6638340096BB0B /* UserProfileHeaderView.swift in Sources */ = {isa = PBXBuildFile; fileRef = 048421DB1D6638340096BB0B /* UserProfileHeaderView.swift */; };
		048421E41D6691680096BB0B /* SideMenuViewController.swift in Sources */ = {isa = PBXBuildFile; fileRef = 048421E31D6691680096BB0B /* SideMenuViewController.swift */; };
		048421E61D669B790096BB0B /* SideMenuOptionsViewController.swift in Sources */ = {isa = PBXBuildFile; fileRef = 048421E51D669B790096BB0B /* SideMenuOptionsViewController.swift */; };
		0489B0531D63F56A000F59AF /* LoginViewController.swift in Sources */ = {isa = PBXBuildFile; fileRef = 0489B0521D63F56A000F59AF /* LoginViewController.swift */; };
		0489B0571D64089F000F59AF /* User.swift in Sources */ = {isa = PBXBuildFile; fileRef = 0489B0561D64089F000F59AF /* User.swift */; };
		0489B0591D6408AB000F59AF /* Tweet.swift in Sources */ = {isa = PBXBuildFile; fileRef = 0489B0581D6408AB000F59AF /* Tweet.swift */; };
		0489B05C1D64133E000F59AF /* TwitterClient.swift in Sources */ = {isa = PBXBuildFile; fileRef = 0489B05B1D64133E000F59AF /* TwitterClient.swift */; };
		0489B05E1D641D32000F59AF /* TweetsViewController.swift in Sources */ = {isa = PBXBuildFile; fileRef = 0489B05D1D641D32000F59AF /* TweetsViewController.swift */; };
		0489B8841D67EA0200805D93 /* MentionsViewController.swift in Sources */ = {isa = PBXBuildFile; fileRef = 0489B8831D67EA0200805D93 /* MentionsViewController.swift */; };
		04A6AF861D63F4770048DC47 /* AppDelegate.swift in Sources */ = {isa = PBXBuildFile; fileRef = 04A6AF851D63F4770048DC47 /* AppDelegate.swift */; };
		04A6AF881D63F4770048DC47 /* ViewController.swift in Sources */ = {isa = PBXBuildFile; fileRef = 04A6AF871D63F4770048DC47 /* ViewController.swift */; };
		04A6AF8B1D63F4770048DC47 /* Main.storyboard in Resources */ = {isa = PBXBuildFile; fileRef = 04A6AF891D63F4770048DC47 /* Main.storyboard */; };
		04A6AF8D1D63F4770048DC47 /* Assets.xcassets in Resources */ = {isa = PBXBuildFile; fileRef = 04A6AF8C1D63F4770048DC47 /* Assets.xcassets */; };
		04A6AF901D63F4770048DC47 /* LaunchScreen.storyboard in Resources */ = {isa = PBXBuildFile; fileRef = 04A6AF8E1D63F4770048DC47 /* LaunchScreen.storyboard */; };
		79E50527291D131CA7BD7551 /* Pods_TwitterClient.framework in Frameworks */ = {isa = PBXBuildFile; fileRef = CD00FFC7EE9282EF5FE4983C /* Pods_TwitterClient.framework */; };
/* End PBXBuildFile section */

/* Begin PBXFileReference section */
		048421CD1D654FE00096BB0B /* TweetCell.swift */ = {isa = PBXFileReference; fileEncoding = 4; lastKnownFileType = sourcecode.swift; path = TweetCell.swift; sourceTree = "<group>"; };
		048421CF1D65612C0096BB0B /* ComposeViewController.swift */ = {isa = PBXFileReference; fileEncoding = 4; lastKnownFileType = sourcecode.swift; path = ComposeViewController.swift; sourceTree = "<group>"; };
		048421D11D656E020096BB0B /* TweetDetailsViewController.swift */ = {isa = PBXFileReference; fileEncoding = 4; lastKnownFileType = sourcecode.swift; path = TweetDetailsViewController.swift; sourceTree = "<group>"; };
		048421D51D657A130096BB0B /* UserProfileViewController.swift */ = {isa = PBXFileReference; fileEncoding = 4; lastKnownFileType = sourcecode.swift; path = UserProfileViewController.swift; sourceTree = "<group>"; };
		048421D91D66381C0096BB0B /* UserProfileHeaderView.xib */ = {isa = PBXFileReference; fileEncoding = 4; lastKnownFileType = file.xib; path = UserProfileHeaderView.xib; sourceTree = "<group>"; };
		048421DB1D6638340096BB0B /* UserProfileHeaderView.swift */ = {isa = PBXFileReference; fileEncoding = 4; lastKnownFileType = sourcecode.swift; path = UserProfileHeaderView.swift; sourceTree = "<group>"; };
		048421E31D6691680096BB0B /* SideMenuViewController.swift */ = {isa = PBXFileReference; fileEncoding = 4; lastKnownFileType = sourcecode.swift; path = SideMenuViewController.swift; sourceTree = "<group>"; };
		048421E51D669B790096BB0B /* SideMenuOptionsViewController.swift */ = {isa = PBXFileReference; fileEncoding = 4; lastKnownFileType = sourcecode.swift; path = SideMenuOptionsViewController.swift; sourceTree = "<group>"; };
		0489B0521D63F56A000F59AF /* LoginViewController.swift */ = {isa = PBXFileReference; fileEncoding = 4; lastKnownFileType = sourcecode.swift; path = LoginViewController.swift; sourceTree = "<group>"; };
		0489B0561D64089F000F59AF /* User.swift */ = {isa = PBXFileReference; fileEncoding = 4; lastKnownFileType = sourcecode.swift; path = User.swift; sourceTree = "<group>"; };
		0489B0581D6408AB000F59AF /* Tweet.swift */ = {isa = PBXFileReference; fileEncoding = 4; lastKnownFileType = sourcecode.swift; path = Tweet.swift; sourceTree = "<group>"; };
		0489B05B1D64133E000F59AF /* TwitterClient.swift */ = {isa = PBXFileReference; fileEncoding = 4; lastKnownFileType = sourcecode.swift; path = TwitterClient.swift; sourceTree = "<group>"; };
		0489B05D1D641D32000F59AF /* TweetsViewController.swift */ = {isa = PBXFileReference; fileEncoding = 4; lastKnownFileType = sourcecode.swift; path = TweetsViewController.swift; sourceTree = "<group>"; };
		0489B8831D67EA0200805D93 /* MentionsViewController.swift */ = {isa = PBXFileReference; fileEncoding = 4; lastKnownFileType = sourcecode.swift; path = MentionsViewController.swift; sourceTree = "<group>"; };
		04A6AF821D63F4770048DC47 /* TwitterClient.app */ = {isa = PBXFileReference; explicitFileType = wrapper.application; includeInIndex = 0; path = TwitterClient.app; sourceTree = BUILT_PRODUCTS_DIR; };
		04A6AF851D63F4770048DC47 /* AppDelegate.swift */ = {isa = PBXFileReference; lastKnownFileType = sourcecode.swift; path = AppDelegate.swift; sourceTree = "<group>"; };
		04A6AF871D63F4770048DC47 /* ViewController.swift */ = {isa = PBXFileReference; lastKnownFileType = sourcecode.swift; path = ViewController.swift; sourceTree = "<group>"; };
		04A6AF8A1D63F4770048DC47 /* Base */ = {isa = PBXFileReference; lastKnownFileType = file.storyboard; name = Base; path = Base.lproj/Main.storyboard; sourceTree = "<group>"; };
		04A6AF8C1D63F4770048DC47 /* Assets.xcassets */ = {isa = PBXFileReference; lastKnownFileType = folder.assetcatalog; path = Assets.xcassets; sourceTree = "<group>"; };
		04A6AF8F1D63F4770048DC47 /* Base */ = {isa = PBXFileReference; lastKnownFileType = file.storyboard; name = Base; path = Base.lproj/LaunchScreen.storyboard; sourceTree = "<group>"; };
		04A6AF911D63F4770048DC47 /* Info.plist */ = {isa = PBXFileReference; lastKnownFileType = text.plist.xml; path = Info.plist; sourceTree = "<group>"; };
		C6FB0E017E6B7A9963D77E08 /* Pods-TwitterClient.debug.xcconfig */ = {isa = PBXFileReference; includeInIndex = 1; lastKnownFileType = text.xcconfig; name = "Pods-TwitterClient.debug.xcconfig"; path = "Pods/Target Support Files/Pods-TwitterClient/Pods-TwitterClient.debug.xcconfig"; sourceTree = "<group>"; };
		CD00FFC7EE9282EF5FE4983C /* Pods_TwitterClient.framework */ = {isa = PBXFileReference; explicitFileType = wrapper.framework; includeInIndex = 0; path = Pods_TwitterClient.framework; sourceTree = BUILT_PRODUCTS_DIR; };
		D7BF5E808FE0CAF72C4E9112 /* Pods-TwitterClient.release.xcconfig */ = {isa = PBXFileReference; includeInIndex = 1; lastKnownFileType = text.xcconfig; name = "Pods-TwitterClient.release.xcconfig"; path = "Pods/Target Support Files/Pods-TwitterClient/Pods-TwitterClient.release.xcconfig"; sourceTree = "<group>"; };
/* End PBXFileReference section */

/* Begin PBXFrameworksBuildPhase section */
		04A6AF7F1D63F4770048DC47 /* Frameworks */ = {
			isa = PBXFrameworksBuildPhase;
			buildActionMask = 2147483647;
			files = (
				79E50527291D131CA7BD7551 /* Pods_TwitterClient.framework in Frameworks */,
			);
			runOnlyForDeploymentPostprocessing = 0;
		};
/* End PBXFrameworksBuildPhase section */

/* Begin PBXGroup section */
		0489B0511D63F555000F59AF /* ViewControllers */ = {
			isa = PBXGroup;
			children = (
				0489B0521D63F56A000F59AF /* LoginViewController.swift */,
				0489B05D1D641D32000F59AF /* TweetsViewController.swift */,
				048421CF1D65612C0096BB0B /* ComposeViewController.swift */,
				048421D11D656E020096BB0B /* TweetDetailsViewController.swift */,
				048421D51D657A130096BB0B /* UserProfileViewController.swift */,
				048421E31D6691680096BB0B /* SideMenuViewController.swift */,
				048421E51D669B790096BB0B /* SideMenuOptionsViewController.swift */,
				0489B8831D67EA0200805D93 /* MentionsViewController.swift */,
			);
			name = ViewControllers;
			sourceTree = "<group>";
		};
		0489B0541D640865000F59AF /* Models */ = {
			isa = PBXGroup;
			children = (
				0489B0561D64089F000F59AF /* User.swift */,
				0489B0581D6408AB000F59AF /* Tweet.swift */,
			);
			name = Models;
			sourceTree = "<group>";
		};
		0489B0551D640877000F59AF /* API */ = {
			isa = PBXGroup;
			children = (
				0489B05B1D64133E000F59AF /* TwitterClient.swift */,
			);
			name = API;
			sourceTree = "<group>";
		};
		0489B05A1D641313000F59AF /* Views */ = {
			isa = PBXGroup;
			children = (
				048421CD1D654FE00096BB0B /* TweetCell.swift */,
				048421D91D66381C0096BB0B /* UserProfileHeaderView.xib */,
				048421DB1D6638340096BB0B /* UserProfileHeaderView.swift */,
			);
			name = Views;
			sourceTree = "<group>";
		};
		04A6AF791D63F4770048DC47 = {
			isa = PBXGroup;
			children = (
				04A6AF841D63F4770048DC47 /* TwitterClient */,
				04A6AF831D63F4770048DC47 /* Products */,
				0EFA6D23085FE16DCC862E58 /* Pods */,
				4458A8BFBBC5DE29997263F7 /* Frameworks */,
			);
			sourceTree = "<group>";
		};
		04A6AF831D63F4770048DC47 /* Products */ = {
			isa = PBXGroup;
			children = (
				04A6AF821D63F4770048DC47 /* TwitterClient.app */,
			);
			name = Products;
			sourceTree = "<group>";
		};
		04A6AF841D63F4770048DC47 /* TwitterClient */ = {
			isa = PBXGroup;
			children = (
				0489B05A1D641313000F59AF /* Views */,
				0489B0551D640877000F59AF /* API */,
				0489B0541D640865000F59AF /* Models */,
				0489B0511D63F555000F59AF /* ViewControllers */,
				04A6AF851D63F4770048DC47 /* AppDelegate.swift */,
				04A6AF871D63F4770048DC47 /* ViewController.swift */,
				04A6AF891D63F4770048DC47 /* Main.storyboard */,
				04A6AF8C1D63F4770048DC47 /* Assets.xcassets */,
				04A6AF8E1D63F4770048DC47 /* LaunchScreen.storyboard */,
				04A6AF911D63F4770048DC47 /* Info.plist */,
			);
			path = TwitterClient;
			sourceTree = "<group>";
		};
		0EFA6D23085FE16DCC862E58 /* Pods */ = {
			isa = PBXGroup;
			children = (
				C6FB0E017E6B7A9963D77E08 /* Pods-TwitterClient.debug.xcconfig */,
				D7BF5E808FE0CAF72C4E9112 /* Pods-TwitterClient.release.xcconfig */,
			);
			name = Pods;
			sourceTree = "<group>";
		};
		4458A8BFBBC5DE29997263F7 /* Frameworks */ = {
			isa = PBXGroup;
			children = (
				CD00FFC7EE9282EF5FE4983C /* Pods_TwitterClient.framework */,
			);
			name = Frameworks;
			sourceTree = "<group>";
		};
/* End PBXGroup section */

/* Begin PBXNativeTarget section */
		04A6AF811D63F4770048DC47 /* TwitterClient */ = {
			isa = PBXNativeTarget;
			buildConfigurationList = 04A6AF941D63F4770048DC47 /* Build configuration list for PBXNativeTarget "TwitterClient" */;
			buildPhases = (
				F0DC336EC3A9A06103FEAE20 /* [CP] Check Pods Manifest.lock */,
				04A6AF7E1D63F4770048DC47 /* Sources */,
				04A6AF7F1D63F4770048DC47 /* Frameworks */,
				04A6AF801D63F4770048DC47 /* Resources */,
				7B65AF294F58BC5A09C07F42 /* [CP] Embed Pods Frameworks */,
				BD1463D7694EA1BEF0A32F78 /* [CP] Copy Pods Resources */,
			);
			buildRules = (
			);
			dependencies = (
			);
			name = TwitterClient;
			productName = TwitterClient;
			productReference = 04A6AF821D63F4770048DC47 /* TwitterClient.app */;
			productType = "com.apple.product-type.application";
		};
/* End PBXNativeTarget section */

/* Begin PBXProject section */
		04A6AF7A1D63F4770048DC47 /* Project object */ = {
			isa = PBXProject;
			attributes = {
				LastSwiftUpdateCheck = 0730;
				LastUpgradeCheck = 0730;
				ORGANIZATIONNAME = phil_nachum;
				TargetAttributes = {
					04A6AF811D63F4770048DC47 = {
						CreatedOnToolsVersion = 7.3.1;
					};
				};
			};
			buildConfigurationList = 04A6AF7D1D63F4770048DC47 /* Build configuration list for PBXProject "TwitterClient" */;
			compatibilityVersion = "Xcode 3.2";
			developmentRegion = English;
			hasScannedForEncodings = 0;
			knownRegions = (
				en,
				Base,
			);
			mainGroup = 04A6AF791D63F4770048DC47;
			productRefGroup = 04A6AF831D63F4770048DC47 /* Products */;
			projectDirPath = "";
			projectRoot = "";
			targets = (
				04A6AF811D63F4770048DC47 /* TwitterClient */,
			);
		};
/* End PBXProject section */

/* Begin PBXResourcesBuildPhase section */
		04A6AF801D63F4770048DC47 /* Resources */ = {
			isa = PBXResourcesBuildPhase;
			buildActionMask = 2147483647;
			files = (
				04A6AF901D63F4770048DC47 /* LaunchScreen.storyboard in Resources */,
				04A6AF8D1D63F4770048DC47 /* Assets.xcassets in Resources */,
				048421DA1D66381C0096BB0B /* UserProfileHeaderView.xib in Resources */,
				04A6AF8B1D63F4770048DC47 /* Main.storyboard in Resources */,
			);
			runOnlyForDeploymentPostprocessing = 0;
		};
/* End PBXResourcesBuildPhase section */

/* Begin PBXShellScriptBuildPhase section */
		7B65AF294F58BC5A09C07F42 /* [CP] Embed Pods Frameworks */ = {
			isa = PBXShellScriptBuildPhase;
			buildActionMask = 2147483647;
			files = (
			);
			inputPaths = (
			);
			name = "[CP] Embed Pods Frameworks";
			outputPaths = (
			);
			runOnlyForDeploymentPostprocessing = 0;
			shellPath = /bin/sh;
			shellScript = "\"${SRCROOT}/Pods/Target Support Files/Pods-TwitterClient/Pods-TwitterClient-frameworks.sh\"\n";
			showEnvVarsInLog = 0;
		};
		BD1463D7694EA1BEF0A32F78 /* [CP] Copy Pods Resources */ = {
			isa = PBXShellScriptBuildPhase;
			buildActionMask = 2147483647;
			files = (
			);
			inputPaths = (
			);
			name = "[CP] Copy Pods Resources";
			outputPaths = (
			);
			runOnlyForDeploymentPostprocessing = 0;
			shellPath = /bin/sh;
			shellScript = "\"${SRCROOT}/Pods/Target Support Files/Pods-TwitterClient/Pods-TwitterClient-resources.sh\"\n";
			showEnvVarsInLog = 0;
		};
		F0DC336EC3A9A06103FEAE20 /* [CP] Check Pods Manifest.lock */ = {
			isa = PBXShellScriptBuildPhase;
			buildActionMask = 2147483647;
			files = (
			);
			inputPaths = (
			);
			name = "[CP] Check Pods Manifest.lock";
			outputPaths = (
			);
			runOnlyForDeploymentPostprocessing = 0;
			shellPath = /bin/sh;
			shellScript = "diff \"${PODS_ROOT}/../Podfile.lock\" \"${PODS_ROOT}/Manifest.lock\" > /dev/null\nif [[ $? != 0 ]] ; then\n    cat << EOM\nerror: The sandbox is not in sync with the Podfile.lock. Run 'pod install' or update your CocoaPods installation.\nEOM\n    exit 1\nfi\n";
			showEnvVarsInLog = 0;
		};
/* End PBXShellScriptBuildPhase section */

/* Begin PBXSourcesBuildPhase section */
		04A6AF7E1D63F4770048DC47 /* Sources */ = {
			isa = PBXSourcesBuildPhase;
			buildActionMask = 2147483647;
			files = (
				048421D01D65612C0096BB0B /* ComposeViewController.swift in Sources */,
				0489B0571D64089F000F59AF /* User.swift in Sources */,
				048421DC1D6638340096BB0B /* UserProfileHeaderView.swift in Sources */,
				048421E41D6691680096BB0B /* SideMenuViewController.swift in Sources */,
				048421D21D656E020096BB0B /* TweetDetailsViewController.swift in Sources */,
				0489B0591D6408AB000F59AF /* Tweet.swift in Sources */,
				0489B0531D63F56A000F59AF /* LoginViewController.swift in Sources */,
				048421CE1D654FE00096BB0B /* TweetCell.swift in Sources */,
				0489B8841D67EA0200805D93 /* MentionsViewController.swift in Sources */,
				04A6AF881D63F4770048DC47 /* ViewController.swift in Sources */,
				0489B05E1D641D32000F59AF /* TweetsViewController.swift in Sources */,
				0489B05C1D64133E000F59AF /* TwitterClient.swift in Sources */,
				048421E61D669B790096BB0B /* SideMenuOptionsViewController.swift in Sources */,
				048421D61D657A130096BB0B /* UserProfileViewController.swift in Sources */,
				04A6AF861D63F4770048DC47 /* AppDelegate.swift in Sources */,
			);
			runOnlyForDeploymentPostprocessing = 0;
		};
/* End PBXSourcesBuildPhase section */

/* Begin PBXVariantGroup section */
		04A6AF891D63F4770048DC47 /* Main.storyboard */ = {
			isa = PBXVariantGroup;
			children = (
				04A6AF8A1D63F4770048DC47 /* Base */,
			);
			name = Main.storyboard;
			sourceTree = "<group>";
		};
		04A6AF8E1D63F4770048DC47 /* LaunchScreen.storyboard */ = {
			isa = PBXVariantGroup;
			children = (
				04A6AF8F1D63F4770048DC47 /* Base */,
			);
			name = LaunchScreen.storyboard;
			sourceTree = "<group>";
		};
/* End PBXVariantGroup section */

/* Begin XCBuildConfiguration section */
		04A6AF921D63F4770048DC47 /* Debug */ = {
			isa = XCBuildConfiguration;
			buildSettings = {
				ALWAYS_SEARCH_USER_PATHS = NO;
				CLANG_ANALYZER_NONNULL = YES;
				CLANG_CXX_LANGUAGE_STANDARD = "gnu++0x";
				CLANG_CXX_LIBRARY = "libc++";
				CLANG_ENABLE_MODULES = YES;
				CLANG_ENABLE_OBJC_ARC = YES;
				CLANG_WARN_BOOL_CONVERSION = YES;
				CLANG_WARN_CONSTANT_CONVERSION = YES;
				CLANG_WARN_DIRECT_OBJC_ISA_USAGE = YES_ERROR;
				CLANG_WARN_EMPTY_BODY = YES;
				CLANG_WARN_ENUM_CONVERSION = YES;
				CLANG_WARN_INT_CONVERSION = YES;
				CLANG_WARN_OBJC_ROOT_CLASS = YES_ERROR;
				CLANG_WARN_UNREACHABLE_CODE = YES;
				CLANG_WARN__DUPLICATE_METHOD_MATCH = YES;
				"CODE_SIGN_IDENTITY[sdk=iphoneos*]" = "iPhone Developer";
				COPY_PHASE_STRIP = NO;
				DEBUG_INFORMATION_FORMAT = dwarf;
				ENABLE_STRICT_OBJC_MSGSEND = YES;
				ENABLE_TESTABILITY = YES;
				GCC_C_LANGUAGE_STANDARD = gnu99;
				GCC_DYNAMIC_NO_PIC = NO;
				GCC_NO_COMMON_BLOCKS = YES;
				GCC_OPTIMIZATION_LEVEL = 0;
				GCC_PREPROCESSOR_DEFINITIONS = (
					"DEBUG=1",
					"$(inherited)",
				);
				GCC_WARN_64_TO_32_BIT_CONVERSION = YES;
				GCC_WARN_ABOUT_RETURN_TYPE = YES_ERROR;
				GCC_WARN_UNDECLARED_SELECTOR = YES;
				GCC_WARN_UNINITIALIZED_AUTOS = YES_AGGRESSIVE;
				GCC_WARN_UNUSED_FUNCTION = YES;
				GCC_WARN_UNUSED_VARIABLE = YES;
				IPHONEOS_DEPLOYMENT_TARGET = 9.3;
				MTL_ENABLE_DEBUG_INFO = YES;
				ONLY_ACTIVE_ARCH = YES;
				SDKROOT = iphoneos;
				SWIFT_OPTIMIZATION_LEVEL = "-Onone";
			};
			name = Debug;
		};
		04A6AF931D63F4770048DC47 /* Release */ = {
			isa = XCBuildConfiguration;
			buildSettings = {
				ALWAYS_SEARCH_USER_PATHS = NO;
				CLANG_ANALYZER_NONNULL = YES;
				CLANG_CXX_LANGUAGE_STANDARD = "gnu++0x";
				CLANG_CXX_LIBRARY = "libc++";
				CLANG_ENABLE_MODULES = YES;
				CLANG_ENABLE_OBJC_ARC = YES;
				CLANG_WARN_BOOL_CONVERSION = YES;
				CLANG_WARN_CONSTANT_CONVERSION = YES;
				CLANG_WARN_DIRECT_OBJC_ISA_USAGE = YES_ERROR;
				CLANG_WARN_EMPTY_BODY = YES;
				CLANG_WARN_ENUM_CONVERSION = YES;
				CLANG_WARN_INT_CONVERSION = YES;
				CLANG_WARN_OBJC_ROOT_CLASS = YES_ERROR;
				CLANG_WARN_UNREACHABLE_CODE = YES;
				CLANG_WARN__DUPLICATE_METHOD_MATCH = YES;
				"CODE_SIGN_IDENTITY[sdk=iphoneos*]" = "iPhone Developer";
				COPY_PHASE_STRIP = NO;
				DEBUG_INFORMATION_FORMAT = "dwarf-with-dsym";
				ENABLE_NS_ASSERTIONS = NO;
				ENABLE_STRICT_OBJC_MSGSEND = YES;
				GCC_C_LANGUAGE_STANDARD = gnu99;
				GCC_NO_COMMON_BLOCKS = YES;
				GCC_WARN_64_TO_32_BIT_CONVERSION = YES;
				GCC_WARN_ABOUT_RETURN_TYPE = YES_ERROR;
				GCC_WARN_UNDECLARED_SELECTOR = YES;
				GCC_WARN_UNINITIALIZED_AUTOS = YES_AGGRESSIVE;
				GCC_WARN_UNUSED_FUNCTION = YES;
				GCC_WARN_UNUSED_VARIABLE = YES;
				IPHONEOS_DEPLOYMENT_TARGET = 9.3;
				MTL_ENABLE_DEBUG_INFO = NO;
				SDKROOT = iphoneos;
				VALIDATE_PRODUCT = YES;
			};
			name = Release;
		};
		04A6AF951D63F4770048DC47 /* Debug */ = {
			isa = XCBuildConfiguration;
			baseConfigurationReference = C6FB0E017E6B7A9963D77E08 /* Pods-TwitterClient.debug.xcconfig */;
			buildSettings = {
				ASSETCATALOG_COMPILER_APPICON_NAME = AppIcon;
				INFOPLIST_FILE = TwitterClient/Info.plist;
				LD_RUNPATH_SEARCH_PATHS = "$(inherited) @executable_path/Frameworks";
				PRODUCT_BUNDLE_IDENTIFIER = phil.TwitterClient;
				PRODUCT_NAME = "$(TARGET_NAME)";
			};
			name = Debug;
		};
		04A6AF961D63F4770048DC47 /* Release */ = {
			isa = XCBuildConfiguration;
			baseConfigurationReference = D7BF5E808FE0CAF72C4E9112 /* Pods-TwitterClient.release.xcconfig */;
			buildSettings = {
				ASSETCATALOG_COMPILER_APPICON_NAME = AppIcon;
				INFOPLIST_FILE = TwitterClient/Info.plist;
				LD_RUNPATH_SEARCH_PATHS = "$(inherited) @executable_path/Frameworks";
				PRODUCT_BUNDLE_IDENTIFIER = phil.TwitterClient;
				PRODUCT_NAME = "$(TARGET_NAME)";
			};
			name = Release;
		};
/* End XCBuildConfiguration section */

/* Begin XCConfigurationList section */
		04A6AF7D1D63F4770048DC47 /* Build configuration list for PBXProject "TwitterClient" */ = {
			isa = XCConfigurationList;
			buildConfigurations = (
				04A6AF921D63F4770048DC47 /* Debug */,
				04A6AF931D63F4770048DC47 /* Release */,
			);
			defaultConfigurationIsVisible = 0;
			defaultConfigurationName = Release;
		};
		04A6AF941D63F4770048DC47 /* Build configuration list for PBXNativeTarget "TwitterClient" */ = {
			isa = XCConfigurationList;
			buildConfigurations = (
				04A6AF951D63F4770048DC47 /* Debug */,
				04A6AF961D63F4770048DC47 /* Release */,
			);
			defaultConfigurationIsVisible = 0;
			defaultConfigurationName = Release;
		};
/* End XCConfigurationList section */
	};
	rootObject = 04A6AF7A1D63F4770048DC47 /* Project object */;
}
